{
  "name": "scripts",
  "version": "1.0.0",
  "lockfileVersion": 2,
  "requires": true,
  "packages": {
    "": {
      "name": "scripts",
      "version": "1.0.0",
      "license": "ISC",
      "devDependencies": {
        "@types/tampermonkey": "^4.0.5",
        "@typescript/lib-dom": "npm:@types/web@^0.0.61"
      }
    },
    "node_modules/@types/tampermonkey": {
      "version": "4.0.5",
      "resolved": "https://registry.npmjs.org/@types/tampermonkey/-/tampermonkey-4.0.5.tgz",
      "integrity": "sha512-FGPo7d+qZkDF7vyrwY1WNhcUnfDyVpt2uyL7krAu3WKCUMCfIUzOuvt8aSk8N2axHT8XPr9stAEDGVHLvag6Pw==",
      "dev": true
    },
    "node_modules/@typescript/lib-dom": {
      "name": "@types/web",
      "version": "0.0.61",
      "resolved": "https://registry.npmjs.org/@types/web/-/web-0.0.61.tgz",
      "integrity": "sha512-lQ4M3OSh8eFj55fz1RJsLhCubET/7duOXoKcxVaUXYXyxikD9BA+WWrqAn5CjJxrc82b7zFY4OCVIeVdkPLaGg==",
      "dev": true
    }
  },
  "dependencies": {
    "@types/tampermonkey": {
      "version": "4.0.5",
      "resolved": "https://registry.npmjs.org/@types/tampermonkey/-/tampermonkey-4.0.5.tgz",
      "integrity": "sha512-FGPo7d+qZkDF7vyrwY1WNhcUnfDyVpt2uyL7krAu3WKCUMCfIUzOuvt8aSk8N2axHT8XPr9stAEDGVHLvag6Pw==",
      "dev": true
    },
    "@typescript/lib-dom": {
      "version": "npm:@types/web@0.0.61",
      "resolved": "https://registry.npmjs.org/@types/web/-/web-0.0.61.tgz",
      "integrity": "sha512-lQ4M3OSh8eFj55fz1RJsLhCubET/7duOXoKcxVaUXYXyxikD9BA+WWrqAn5CjJxrc82b7zFY4OCVIeVdkPLaGg==",
      "dev": true
    }
  }
}
